
Microsoft Visual Studio Solution File, Format Version 12.00
# Visual Studio Version 17
VisualStudioVersion = 17.4.33213.308
MinimumVisualStudioVersion = 10.0.40219.1
Project("{9A19103F-16F7-4668-BE54-9A1E7A4F7556}") = "ProxyWeb", "ProxyWeb\ProxyWeb.csproj", "{BBA61487-E428-40D3-81B1-18DB1EC8B008}"
EndProject
Project("{FAE04EC0-301F-11D3-BF4B-00C04F79EFBC}") = "ProxyWeb.DataAccess", "ProxyWeb.DataAccess\ProxyWeb.DataAccess.csproj", "{AB44DA3A-E8F5-4A0B-93C0-F4841F7CF777}"
EndProject
Project("{FAE04EC0-301F-11D3-BF4B-00C04F79EFBC}") = "ProxyWeb.Models", "ProxyWeb.Models\ProxyWeb.Models.csproj", "{33516CBA-1229-4157-AFB0-90163F605321}"
EndProject
Project("{FAE04EC0-301F-11D3-BF4B-00C04F79EFBC}") = "ProxyWeb.External", "ProxyWeb.External\ProxyWeb.External.csproj", "{4906CE90-78F1-4981-92C7-F41BF22264F6}"
EndProject
Global
	GlobalSection(SolutionConfigurationPlatforms) = preSolution
		Debug|Any CPU = Debug|Any CPU
		Release|Any CPU = Release|Any CPU
	EndGlobalSection
	GlobalSection(ProjectConfigurationPlatforms) = postSolution
		{BBA61487-E428-40D3-81B1-18DB1EC8B008}.Debug|Any CPU.ActiveCfg = Debug|Any CPU
		{BBA61487-E428-40D3-81B1-18DB1EC8B008}.Debug|Any CPU.Build.0 = Debug|Any CPU
		{BBA61487-E428-40D3-81B1-18DB1EC8B008}.Release|Any CPU.ActiveCfg = Release|Any CPU
		{BBA61487-E428-40D3-81B1-18DB1EC8B008}.Release|Any CPU.Build.0 = Release|Any CPU
		{AB44DA3A-E8F5-4A0B-93C0-F4841F7CF777}.Debug|Any CPU.ActiveCfg = Debug|Any CPU
		{AB44DA3A-E8F5-4A0B-93C0-F4841F7CF777}.Debug|Any CPU.Build.0 = Debug|Any CPU
		{AB44DA3A-E8F5-4A0B-93C0-F4841F7CF777}.Release|Any CPU.ActiveCfg = Release|Any CPU
		{AB44DA3A-E8F5-4A0B-93C0-F4841F7CF777}.Release|Any CPU.Build.0 = Release|Any CPU
		{33516CBA-1229-4157-AFB0-90163F605321}.Debug|Any CPU.ActiveCfg = Debug|Any CPU
		{33516CBA-1229-4157-AFB0-90163F605321}.Debug|Any CPU.Build.0 = Debug|Any CPU
		{33516CBA-1229-4157-AFB0-90163F605321}.Release|Any CPU.ActiveCfg = Release|Any CPU
		{33516CBA-1229-4157-AFB0-90163F605321}.Release|Any CPU.Build.0 = Release|Any CPU
		{4906CE90-78F1-4981-92C7-F41BF22264F6}.Debug|Any CPU.ActiveCfg = Debug|Any CPU
		{4906CE90-78F1-4981-92C7-F41BF22264F6}.Debug|Any CPU.Build.0 = Debug|Any CPU
		{4906CE90-78F1-4981-92C7-F41BF22264F6}.Release|Any CPU.ActiveCfg = Release|Any CPU
		{4906CE90-78F1-4981-92C7-F41BF22264F6}.Release|Any CPU.Build.0 = Release|Any CPU
	EndGlobalSection
	GlobalSection(SolutionProperties) = preSolution
		HideSolutionNode = FALSE
	EndGlobalSection
	GlobalSection(ExtensibilityGlobals) = postSolution
		SolutionGuid = {13FA15EB-F338-4E94-A6AD-063A6EB99E07}
	EndGlobalSection
EndGlobal
